<?xml version="1.0" encoding="utf-8"?>
<Project ToolsVersion="4.0" xmlns="http://schemas.microsoft.com/developer/msbuild/2003">
  <ItemGroup>
    <Filter Include="Header Files">
      <UniqueIdentifier>{93995380-89BD-4b04-88EB-625FBE52EBFB}</UniqueIdentifier>
      <Extensions>h;hh;hpp;hxx;hm;inl;inc;xsd</Extensions>
    </Filter>
    <Filter Include="Source Files">
      <UniqueIdentifier>{4FC737F1-C7A5-4376-A066-2A32D752A2FF}</UniqueIdentifier>
      <Extensions>cpp;c;cc;cxx;def;odl;idl;hpj;bat;asm;asmx</Extensions>
    </Filter>
  </ItemGroup>
  <ItemGroup>
    <ClInclude Include="include\AvgPooling.h">
      <Filter>Header Files</Filter>
    </ClInclude>
    <ClInclude Include="include\Convolution.h">
      <Filter>Header Files</Filter>
    </ClInclude>
    <ClInclude Include="include\Concat.h">
      <Filter>Header Files</Filter>
    </ClInclude>
    <ClInclude Include="include\Dense.h">
      <Filter>Header Files</Filter>
    </ClInclude>
    <ClInclude Include="include\Dropout.h">
      <Filter>Header Files</Filter>
    </ClInclude>
    <ClInclude Include="include\GlobalAvgPooling.h">
      <Filter>Header Files</Filter>
    </ClInclude>
    <ClInclude Include="include\Input.h">
      <Filter>Header Files</Filter>
    </ClInclude>
    <ClInclude Include="include\MaxPooling.h">
      <Filter>Header Files</Filter>
    </ClInclude>
    <ClInclude Include="include\Image.h">
      <Filter>Header Files</Filter>
    </ClInclude>
    <ClInclude Include="include\Cost.h">
      <Filter>Header Files</Filter>
    </ClInclude>
    <ClInclude Include="include\Activation.h">
      <Filter>Header Files</Filter>
    </ClInclude>
    <ClInclude Include="include\stdafx.h">
      <Filter>Header Files</Filter>
    </ClInclude>
    <ClInclude Include="include\targetver.h">
      <Filter>Header Files</Filter>
    </ClInclude>
    <ClInclude Include="include\Utils.h">
      <Filter>Header Files</Filter>
    </ClInclude>
    <ClInclude Include="include\BatchNorm.h">
      <Filter>Header Files</Filter>
    </ClInclude>
    <ClInclude Include="include\ConvolutionTranspose.h">
      <Filter>Header Files</Filter>
    </ClInclude>
    <ClInclude Include="include\GlobalMaxPooling.h">
      <Filter>Header Files</Filter>
    </ClInclude>
    <ClInclude Include="include\Add.h">
      <Filter>Header Files</Filter>
    </ClInclude>
    <ClInclude Include="include\DepthwiseConvolution.h">
      <Filter>Header Files</Filter>
    </ClInclude>
    <ClInclude Include="include\AlignedAllocator.h">
      <Filter>Header Files</Filter>
    </ClInclude>
    <ClInclude Include="include\ParallelFor.h">
      <Filter>Header Files</Filter>
    </ClInclude>
    <ClInclude Include="include\Substract.h">
      <Filter>Header Files</Filter>
    </ClInclude>
    <ClInclude Include="include\Multiply.h">
      <Filter>Header Files</Filter>
    </ClInclude>
    <ClInclude Include="include\Divide.h">
      <Filter>Header Files</Filter>
    </ClInclude>
    <ClInclude Include="include\ChannelZeroPad.h">
      <Filter>Header Files</Filter>
    </ClInclude>
    <ClInclude Include="include\ChannelMultiply.h">
      <Filter>Header Files</Filter>
    </ClInclude>
    <ClInclude Include="include\Average.h">
      <Filter>Header Files</Filter>
    </ClInclude>
    <ClInclude Include="include\BatchNormRelu.h">
      <Filter>Header Files</Filter>
    </ClInclude>
    <ClInclude Include="..\vectorclass\instrset.h">
      <Filter>Header Files</Filter>
    </ClInclude>
    <ClInclude Include="include\Layer.h">
      <Filter>Header Files</Filter>
    </ClInclude>
    <ClInclude Include="include\LocalResponseNormalization.h">
      <Filter>Header Files</Filter>
    </ClInclude>
    <ClInclude Include="include\ChannelShuffle.h">
      <Filter>Header Files</Filter>
    </ClInclude>
    <ClInclude Include="include\Resampling.h">
      <Filter>Header Files</Filter>
    </ClInclude>
    <ClInclude Include="include\PartialDepthwiseConvolution.h">
      <Filter>Header Files</Filter>
    </ClInclude>
    <ClInclude Include="include\ChannelSplit.h">
      <Filter>Header Files</Filter>
    </ClInclude>
    <ClInclude Include="include\Min.h">
      <Filter>Header Files</Filter>
    </ClInclude>
    <ClInclude Include="include\Max.h">
      <Filter>Header Files</Filter>
    </ClInclude>
    <ClInclude Include="include\Dataprovider.h">
      <Filter>Header Files</Filter>
    </ClInclude>
    <ClInclude Include="include\Scripts.h">
      <Filter>Header Files</Filter>
    </ClInclude>
    <ClInclude Include="include\Model.h">
      <Filter>Header Files</Filter>
    </ClInclude>
    <ClInclude Include="..\magic_enum\include\magic_enum.hpp">
      <Filter>Header Files</Filter>
    </ClInclude>
    <ClInclude Include="include\Definition.h">
      <Filter>Header Files</Filter>
    </ClInclude>
    <ClInclude Include="include\BatchNormActivation.h">
      <Filter>Header Files</Filter>
    </ClInclude>
    <ClInclude Include="include\BatchNormActivationDropout.h">
      <Filter>Header Files</Filter>
    </ClInclude>
  </ItemGroup>
  <ItemGroup>
    <ClCompile Include="src\AvgPooling.cpp">
      <Filter>Source Files</Filter>
    </ClCompile>
    <ClCompile Include="src\Concat.cpp">
      <Filter>Source Files</Filter>
    </ClCompile>
    <ClCompile Include="src\Convolution.cpp">
      <Filter>Source Files</Filter>
    </ClCompile>
    <ClCompile Include="src\Dense.cpp">
      <Filter>Source Files</Filter>
    </ClCompile>
    <ClCompile Include="src\dllmain.cpp">
      <Filter>Source Files</Filter>
    </ClCompile>
    <ClCompile Include="src\Dropout.cpp">
      <Filter>Source Files</Filter>
    </ClCompile>
    <ClCompile Include="src\GlobalAvgPooling.cpp">
      <Filter>Source Files</Filter>
    </ClCompile>
    <ClCompile Include="src\Input.cpp">
      <Filter>Source Files</Filter>
    </ClCompile>
    <ClCompile Include="src\MaxPooling.cpp">
      <Filter>Source Files</Filter>
    </ClCompile>
    <ClCompile Include="src\stdafx.cpp">
      <Filter>Source Files</Filter>
    </ClCompile>
    <ClCompile Include="src\BatchNorm.cpp">
      <Filter>Source Files</Filter>
    </ClCompile>
    <ClCompile Include="src\ConvolutionTranspose.cpp">
      <Filter>Source Files</Filter>
    </ClCompile>
    <ClCompile Include="src\GlobalMaxPooling.cpp">
      <Filter>Source Files</Filter>
    </ClCompile>
    <ClCompile Include="src\Add.cpp">
      <Filter>Source Files</Filter>
    </ClCompile>
    <ClCompile Include="src\DepthwiseConvolution.cpp">
      <Filter>Source Files</Filter>
    </ClCompile>
    <ClCompile Include="src\Substract.cpp">
      <Filter>Source Files</Filter>
    </ClCompile>
    <ClCompile Include="src\Multiply.cpp">
      <Filter>Source Files</Filter>
    </ClCompile>
    <ClCompile Include="src\Divide.cpp">
      <Filter>Source Files</Filter>
    </ClCompile>
    <ClCompile Include="src\ChannelMultiply.cpp">
      <Filter>Source Files</Filter>
    </ClCompile>
    <ClCompile Include="src\ChannelZeroPad.cpp">
      <Filter>Source Files</Filter>
    </ClCompile>
    <ClCompile Include="src\Average.cpp">
      <Filter>Source Files</Filter>
    </ClCompile>
    <ClCompile Include="src\BatchNormRelu.cpp">
      <Filter>Source Files</Filter>
    </ClCompile>
    <ClCompile Include="src\Activation.cpp">
      <Filter>Source Files</Filter>
    </ClCompile>
    <ClCompile Include="src\Cost.cpp">
      <Filter>Source Files</Filter>
    </ClCompile>
    <ClCompile Include="src\Layer.cpp">
      <Filter>Source Files</Filter>
    </ClCompile>
    <ClCompile Include="src\LocalResponseNormalization.cpp">
      <Filter>Source Files</Filter>
    </ClCompile>
    <ClCompile Include="src\ChannelShuffle.cpp">
      <Filter>Source Files</Filter>
    </ClCompile>
    <ClCompile Include="src\Resampling.cpp">
      <Filter>Source Files</Filter>
    </ClCompile>
    <ClCompile Include="src\PartialDepthwiseConvolution.cpp">
      <Filter>Source Files</Filter>
    </ClCompile>
    <ClCompile Include="src\ChannelSplit.cpp">
      <Filter>Source Files</Filter>
    </ClCompile>
    <ClCompile Include="src\Min.cpp">
      <Filter>Source Files</Filter>
    </ClCompile>
    <ClCompile Include="src\Max.cpp">
      <Filter>Source Files</Filter>
    </ClCompile>
    <ClCompile Include="src\Model.cpp">
      <Filter>Source Files</Filter>
    </ClCompile>
    <ClCompile Include="src\Scripts.cpp">
      <Filter>Source Files</Filter>
    </ClCompile>
  </ItemGroup>
  <ItemGroup>
    <None Include="..\convnet\settings.extensions.cs" />
  </ItemGroup>
</Project>